
Microsoft Visual Studio Solution File, Format Version 12.00
Project("{FAE04EC0-301F-11D3-BF4B-00C04F79EFBC}") = "LearningWebApi.Api", "LearningWebApi.Api\LearningWebApi.Api.csproj", "{E72C3343-10C9-45AA-AF7A-48A1C692B059}"
EndProject
Project("{FAE04EC0-301F-11D3-BF4B-00C04F79EFBC}") = "LearningWebApi.Entity", "LearningWebApi.Entity\LearningWebApi.Entity.csproj", "{2DC765B9-911A-470B-BD49-7D000DC192F6}"
EndProject
Project("{FAE04EC0-301F-11D3-BF4B-00C04F79EFBC}") = "LearningWebApi.Infrastructure", "LearningWebApi.Infrastructure\LearningWebApi.Infrastructure.csproj", "{D4818CF5-5E35-4E2F-9867-575BDC82E2E3}"
EndProject
Project("{FAE04EC0-301F-11D3-BF4B-00C04F79EFBC}") = "LearningWebApi.BlazorWasm", "LearningWebApi.BlazorWasm\LearningWebApi.BlazorWasm.csproj", "{1F8DBA35-0950-417C-B805-FC47B62CC21E}"
EndProject
Project("{2150E333-8FDC-42A3-9474-1A3956D46DE8}") = "Api", "Api", "{DAE2B0CA-B84D-4DF7-874C-295F120340C8}"
EndProject
Project("{2150E333-8FDC-42A3-9474-1A3956D46DE8}") = "Shared", "Shared", "{41685349-2AFE-4720-BAED-7F06F9952E2E}"
EndProject
Project("{2150E333-8FDC-42A3-9474-1A3956D46DE8}") = "UI", "UI", "{18D79061-D9A0-48E8-9990-E1567713A4C9}"
EndProject
Project("{FAE04EC0-301F-11D3-BF4B-00C04F79EFBC}") = "LearningWebApi.Service", "LearningWebApi.Service\LearningWebApi.Service.csproj", "{A0AAD062-74A1-41DC-A119-93E4E86AB67D}"
EndProject
Project("{2150E333-8FDC-42A3-9474-1A3956D46DE8}") = "Auth", "Auth", "{FED6BCD9-C0D6-4330-AC9F-1E38B6CC3580}"
EndProject
Project("{FAE04EC0-301F-11D3-BF4B-00C04F79EFBC}") = "LearningWebApi.Auth", "LearningWebApi.Auth\LearningWebApi.Auth.csproj", "{4E4081EA-5921-405C-A302-09955965E76C}"
EndProject
Global
	GlobalSection(SolutionConfigurationPlatforms) = preSolution
		Debug|Any CPU = Debug|Any CPU
		Release|Any CPU = Release|Any CPU
	EndGlobalSection
	GlobalSection(ProjectConfigurationPlatforms) = postSolution
		{E72C3343-10C9-45AA-AF7A-48A1C692B059}.Debug|Any CPU.ActiveCfg = Debug|Any CPU
		{E72C3343-10C9-45AA-AF7A-48A1C692B059}.Debug|Any CPU.Build.0 = Debug|Any CPU
		{E72C3343-10C9-45AA-AF7A-48A1C692B059}.Release|Any CPU.ActiveCfg = Release|Any CPU
		{E72C3343-10C9-45AA-AF7A-48A1C692B059}.Release|Any CPU.Build.0 = Release|Any CPU
		{2DC765B9-911A-470B-BD49-7D000DC192F6}.Debug|Any CPU.ActiveCfg = Debug|Any CPU
		{2DC765B9-911A-470B-BD49-7D000DC192F6}.Debug|Any CPU.Build.0 = Debug|Any CPU
		{2DC765B9-911A-470B-BD49-7D000DC192F6}.Release|Any CPU.ActiveCfg = Release|Any CPU
		{2DC765B9-911A-470B-BD49-7D000DC192F6}.Release|Any CPU.Build.0 = Release|Any CPU
		{D4818CF5-5E35-4E2F-9867-575BDC82E2E3}.Debug|Any CPU.ActiveCfg = Debug|Any CPU
		{D4818CF5-5E35-4E2F-9867-575BDC82E2E3}.Debug|Any CPU.Build.0 = Debug|Any CPU
		{D4818CF5-5E35-4E2F-9867-575BDC82E2E3}.Release|Any CPU.ActiveCfg = Release|Any CPU
		{D4818CF5-5E35-4E2F-9867-575BDC82E2E3}.Release|Any CPU.Build.0 = Release|Any CPU
		{1F8DBA35-0950-417C-B805-FC47B62CC21E}.Debug|Any CPU.ActiveCfg = Debug|Any CPU
		{1F8DBA35-0950-417C-B805-FC47B62CC21E}.Debug|Any CPU.Build.0 = Debug|Any CPU
		{1F8DBA35-0950-417C-B805-FC47B62CC21E}.Release|Any CPU.ActiveCfg = Release|Any CPU
		{1F8DBA35-0950-417C-B805-FC47B62CC21E}.Release|Any CPU.Build.0 = Release|Any CPU
		{A0AAD062-74A1-41DC-A119-93E4E86AB67D}.Debug|Any CPU.ActiveCfg = Debug|Any CPU
		{A0AAD062-74A1-41DC-A119-93E4E86AB67D}.Debug|Any CPU.Build.0 = Debug|Any CPU
		{A0AAD062-74A1-41DC-A119-93E4E86AB67D}.Release|Any CPU.ActiveCfg = Release|Any CPU
		{A0AAD062-74A1-41DC-A119-93E4E86AB67D}.Release|Any CPU.Build.0 = Release|Any CPU
		{4E4081EA-5921-405C-A302-09955965E76C}.Debug|Any CPU.ActiveCfg = Debug|Any CPU
		{4E4081EA-5921-405C-A302-09955965E76C}.Debug|Any CPU.Build.0 = Debug|Any CPU
		{4E4081EA-5921-405C-A302-09955965E76C}.Release|Any CPU.ActiveCfg = Release|Any CPU
		{4E4081EA-5921-405C-A302-09955965E76C}.Release|Any CPU.Build.0 = Release|Any CPU
	EndGlobalSection
	GlobalSection(NestedProjects) = preSolution
		{E72C3343-10C9-45AA-AF7A-48A1C692B059} = {DAE2B0CA-B84D-4DF7-874C-295F120340C8}
		{D4818CF5-5E35-4E2F-9867-575BDC82E2E3} = {DAE2B0CA-B84D-4DF7-874C-295F120340C8}
		{2DC765B9-911A-470B-BD49-7D000DC192F6} = {41685349-2AFE-4720-BAED-7F06F9952E2E}
		{1F8DBA35-0950-417C-B805-FC47B62CC21E} = {18D79061-D9A0-48E8-9990-E1567713A4C9}
		{A0AAD062-74A1-41DC-A119-93E4E86AB67D} = {41685349-2AFE-4720-BAED-7F06F9952E2E}
		{4E4081EA-5921-405C-A302-09955965E76C} = {FED6BCD9-C0D6-4330-AC9F-1E38B6CC3580}
	EndGlobalSection
EndGlobal
